
Microsoft Visual Studio Solution File, Format Version 12.00
# Visual Studio Version 17
VisualStudioVersion = 17.13.35913.81 d17.13
MinimumVisualStudioVersion = 10.0.40219.1
Project("{FAE04EC0-301F-11D3-BF4B-00C04F79EFBC}") = "ACTIVIDAD DE APRENDIZAJE-SEMANA 04", "ACTIVIDAD DE APRENDIZAJE-SEMANA 04\ACTIVIDAD DE APRENDIZAJE-SEMANA 04.csproj", "{00304460-EEF8-4849-9454-CE10414EFD3B}"
EndProject
Global
	GlobalSection(SolutionConfigurationPlatforms) = preSolution
		Debug|Any CPU = Debug|Any CPU
		Release|Any CPU = Release|Any CPU
	EndGlobalSection
	GlobalSection(ProjectConfigurationPlatforms) = postSolution
		{00304460-EEF8-4849-9454-CE10414EFD3B}.Debug|Any CPU.ActiveCfg = Debug|Any CPU
		{00304460-EEF8-4849-9454-CE10414EFD3B}.Debug|Any CPU.Build.0 = Debug|Any CPU
		{00304460-EEF8-4849-9454-CE10414EFD3B}.Release|Any CPU.ActiveCfg = Release|Any CPU
		{00304460-EEF8-4849-9454-CE10414EFD3B}.Release|Any CPU.Build.0 = Release|Any CPU
	EndGlobalSection
	GlobalSection(SolutionProperties) = preSolution
		HideSolutionNode = FALSE
	EndGlobalSection
	GlobalSection(ExtensibilityGlobals) = postSolution
		SolutionGuid = {BA971FF1-27E5-4441-B00D-5154B89621E5}
	EndGlobalSection
EndGlobal
