
Microsoft Visual Studio Solution File, Format Version 12.00
# Visual Studio Version 17
VisualStudioVersion = 17.13.35913.81 d17.13
MinimumVisualStudioVersion = 10.0.40219.1
Project("{FAE04EC0-301F-11D3-BF4B-00C04F79EFBC}") = "Ejemplo 01", "Ejemplo 01\Ejemplo 01.csproj", "{7DCC288A-6E81-4B5A-A740-6FE0042FC75A}"
EndProject
Global
	GlobalSection(SolutionConfigurationPlatforms) = preSolution
		Debug|Any CPU = Debug|Any CPU
		Release|Any CPU = Release|Any CPU
	EndGlobalSection
	GlobalSection(ProjectConfigurationPlatforms) = postSolution
		{7DCC288A-6E81-4B5A-A740-6FE0042FC75A}.Debug|Any CPU.ActiveCfg = Debug|Any CPU
		{7DCC288A-6E81-4B5A-A740-6FE0042FC75A}.Debug|Any CPU.Build.0 = Debug|Any CPU
		{7DCC288A-6E81-4B5A-A740-6FE0042FC75A}.Release|Any CPU.ActiveCfg = Release|Any CPU
		{7DCC288A-6E81-4B5A-A740-6FE0042FC75A}.Release|Any CPU.Build.0 = Release|Any CPU
	EndGlobalSection
	GlobalSection(SolutionProperties) = preSolution
		HideSolutionNode = FALSE
	EndGlobalSection
	GlobalSection(ExtensibilityGlobals) = postSolution
		SolutionGuid = {3FA8997E-ECE2-49DC-8362-DED6CCFC055B}
	EndGlobalSection
EndGlobal
